
Microsoft Visual Studio Solution File, Format Version 12.00
# Visual Studio Version 16
VisualStudioVersion = 16.0.34301.259
MinimumVisualStudioVersion = 10.0.40219.1
Project("{FAE04EC0-301F-11D3-BF4B-00C04F79EFBC}") = "KT6_Pet-Shop", "KT6_Pet-Shop\KT6_Pet-Shop.csproj", "{EAAE4153-8290-42D4-818E-3880C6EA8F02}"
EndProject
Global
	GlobalSection(SolutionConfigurationPlatforms) = preSolution
		Debug|Any CPU = Debug|Any CPU
		Release|Any CPU = Release|Any CPU
	EndGlobalSection
	GlobalSection(ProjectConfigurationPlatforms) = postSolution
		{EAAE4153-8290-42D4-818E-3880C6EA8F02}.Debug|Any CPU.ActiveCfg = Debug|Any CPU
		{EAAE4153-8290-42D4-818E-3880C6EA8F02}.Debug|Any CPU.Build.0 = Debug|Any CPU
		{EAAE4153-8290-42D4-818E-3880C6EA8F02}.Release|Any CPU.ActiveCfg = Release|Any CPU
		{EAAE4153-8290-42D4-818E-3880C6EA8F02}.Release|Any CPU.Build.0 = Release|Any CPU
	EndGlobalSection
	GlobalSection(SolutionProperties) = preSolution
		HideSolutionNode = FALSE
	EndGlobalSection
	GlobalSection(ExtensibilityGlobals) = postSolution
		SolutionGuid = {44941A07-8D93-4BFA-8927-4AE9FA7E2BD9}
	EndGlobalSection
EndGlobal
